
Microsoft Visual Studio Solution File, Format Version 12.00
# Visual Studio Version 17
VisualStudioVersion = 17.10.35013.160
MinimumVisualStudioVersion = 10.0.40219.1
Project("{FAE04EC0-301F-11D3-BF4B-00C04F79EFBC}") = "XdocumentProject", "XdocumentProject\XdocumentProject.csproj", "{BCFE25CD-BEC1-4722-B761-E5B4CCDFC553}"
EndProject
Global
	GlobalSection(SolutionConfigurationPlatforms) = preSolution
		Debug|Any CPU = Debug|Any CPU
		Release|Any CPU = Release|Any CPU
	EndGlobalSection
	GlobalSection(ProjectConfigurationPlatforms) = postSolution
		{BCFE25CD-BEC1-4722-B761-E5B4CCDFC553}.Debug|Any CPU.ActiveCfg = Debug|Any CPU
		{BCFE25CD-BEC1-4722-B761-E5B4CCDFC553}.Debug|Any CPU.Build.0 = Debug|Any CPU
		{BCFE25CD-BEC1-4722-B761-E5B4CCDFC553}.Release|Any CPU.ActiveCfg = Release|Any CPU
		{BCFE25CD-BEC1-4722-B761-E5B4CCDFC553}.Release|Any CPU.Build.0 = Release|Any CPU
	EndGlobalSection
	GlobalSection(SolutionProperties) = preSolution
		HideSolutionNode = FALSE
	EndGlobalSection
	GlobalSection(ExtensibilityGlobals) = postSolution
		SolutionGuid = {98DA1E54-B751-4AF9-84FE-C039AE8B39DB}
	EndGlobalSection
EndGlobal
